// !$*UTF8*$!
{
	archiveVersion = 1;
	classes = {
	};
	objectVersion = 50;
	objects = {

/* Begin PBXBuildFile section */
		57775A4E26DF697E004DDFA5 /* TicTacV01App.swift in Sources */ = {isa = PBXBuildFile; fileRef = 57775A4D26DF697E004DDFA5 /* TicTacV01App.swift */; };
		57775A5026DF697E004DDFA5 /* ContentView.swift in Sources */ = {isa = PBXBuildFile; fileRef = 57775A4F26DF697E004DDFA5 /* ContentView.swift */; };
		57775A5226DF6981004DDFA5 /* Assets.xcassets in Resources */ = {isa = PBXBuildFile; fileRef = 57775A5126DF6981004DDFA5 /* Assets.xcassets */; };
		57775A5526DF6981004DDFA5 /* Preview Assets.xcassets in Resources */ = {isa = PBXBuildFile; fileRef = 57775A5426DF6981004DDFA5 /* Preview Assets.xcassets */; };
		57775A5E26DF8FA2004DDFA5 /* CDplayerData.xcdatamodeld in Sources */ = {isa = PBXBuildFile; fileRef = 57775A5C26DF8FA2004DDFA5 /* CDplayerData.xcdatamodeld */; };
		57775A6026DF9265004DDFA5 /* CoreDataManager.swift in Sources */ = {isa = PBXBuildFile; fileRef = 57775A5F26DF9265004DDFA5 /* CoreDataManager.swift */; };
		57E2BAC626E0A1A800495008 /* AddWinnerViewModel.swift in Sources */ = {isa = PBXBuildFile; fileRef = 57E2BAC526E0A1A800495008 /* AddWinnerViewModel.swift */; };
		57E2BAC826E0A78200495008 /* MatchWinnerListViewModel.swift in Sources */ = {isa = PBXBuildFile; fileRef = 57E2BAC726E0A78200495008 /* MatchWinnerListViewModel.swift */; };
		57E2BACA26E0AB9700495008 /* MainView.swift in Sources */ = {isa = PBXBuildFile; fileRef = 57E2BAC926E0AB9700495008 /* MainView.swift */; };
		57E2BACC26E0E68A00495008 /* MoreInfoView.swift in Sources */ = {isa = PBXBuildFile; fileRef = 57E2BACB26E0E68A00495008 /* MoreInfoView.swift */; };
/* End PBXBuildFile section */

/* Begin PBXFileReference section */
		57775A4A26DF697E004DDFA5 /* TicTacV01.app */ = {isa = PBXFileReference; explicitFileType = wrapper.application; includeInIndex = 0; path = TicTacV01.app; sourceTree = BUILT_PRODUCTS_DIR; };
		57775A4D26DF697E004DDFA5 /* TicTacV01App.swift */ = {isa = PBXFileReference; lastKnownFileType = sourcecode.swift; path = TicTacV01App.swift; sourceTree = "<group>"; };
		57775A4F26DF697E004DDFA5 /* ContentView.swift */ = {isa = PBXFileReference; lastKnownFileType = sourcecode.swift; path = ContentView.swift; sourceTree = "<group>"; };
		57775A5126DF6981004DDFA5 /* Assets.xcassets */ = {isa = PBXFileReference; lastKnownFileType = folder.assetcatalog; path = Assets.xcassets; sourceTree = "<group>"; };
		57775A5426DF6981004DDFA5 /* Preview Assets.xcassets */ = {isa = PBXFileReference; lastKnownFileType = folder.assetcatalog; path = "Preview Assets.xcassets"; sourceTree = "<group>"; };
		57775A5626DF6981004DDFA5 /* Info.plist */ = {isa = PBXFileReference; lastKnownFileType = text.plist.xml; path = Info.plist; sourceTree = "<group>"; };
		57775A5D26DF8FA2004DDFA5 /* CDplayerData.xcdatamodel */ = {isa = PBXFileReference; lastKnownFileType = wrapper.xcdatamodel; path = CDplayerData.xcdatamodel; sourceTree = "<group>"; };
		57775A5F26DF9265004DDFA5 /* CoreDataManager.swift */ = {isa = PBXFileReference; lastKnownFileType = sourcecode.swift; path = CoreDataManager.swift; sourceTree = "<group>"; };
		57E2BAC526E0A1A800495008 /* AddWinnerViewModel.swift */ = {isa = PBXFileReference; lastKnownFileType = sourcecode.swift; path = AddWinnerViewModel.swift; sourceTree = "<group>"; };
		57E2BAC726E0A78200495008 /* MatchWinnerListViewModel.swift */ = {isa = PBXFileReference; lastKnownFileType = sourcecode.swift; path = MatchWinnerListViewModel.swift; sourceTree = "<group>"; };
		57E2BAC926E0AB9700495008 /* MainView.swift */ = {isa = PBXFileReference; lastKnownFileType = sourcecode.swift; path = MainView.swift; sourceTree = "<group>"; };
		57E2BACB26E0E68A00495008 /* MoreInfoView.swift */ = {isa = PBXFileReference; lastKnownFileType = sourcecode.swift; path = MoreInfoView.swift; sourceTree = "<group>"; };
/* End PBXFileReference section */

/* Begin PBXFrameworksBuildPhase section */
		57775A4726DF697E004DDFA5 /* Frameworks */ = {
			isa = PBXFrameworksBuildPhase;
			buildActionMask = 2147483647;
			files = (
			);
			runOnlyForDeploymentPostprocessing = 0;
		};
/* End PBXFrameworksBuildPhase section */

/* Begin PBXGroup section */
		57775A4126DF697E004DDFA5 = {
			isa = PBXGroup;
			children = (
				57775A4C26DF697E004DDFA5 /* TicTacV01 */,
				57775A4B26DF697E004DDFA5 /* Products */,
			);
			sourceTree = "<group>";
		};
		57775A4B26DF697E004DDFA5 /* Products */ = {
			isa = PBXGroup;
			children = (
				57775A4A26DF697E004DDFA5 /* TicTacV01.app */,
			);
			name = Products;
			sourceTree = "<group>";
		};
		57775A4C26DF697E004DDFA5 /* TicTacV01 */ = {
			isa = PBXGroup;
			children = (
				57E2BAC426E0A19000495008 /* ViewModel */,
				57E2BAC326E0A0A800495008 /* manager */,
				57775A4D26DF697E004DDFA5 /* TicTacV01App.swift */,
				57775A4F26DF697E004DDFA5 /* ContentView.swift */,
				57E2BAC926E0AB9700495008 /* MainView.swift */,
				57775A5126DF6981004DDFA5 /* Assets.xcassets */,
				57775A5626DF6981004DDFA5 /* Info.plist */,
				57775A5326DF6981004DDFA5 /* Preview Content */,
				57775A5C26DF8FA2004DDFA5 /* CDplayerData.xcdatamodeld */,
				57E2BACB26E0E68A00495008 /* MoreInfoView.swift */,
			);
			path = TicTacV01;
			sourceTree = "<group>";
		};
		57775A5326DF6981004DDFA5 /* Preview Content */ = {
			isa = PBXGroup;
			children = (
				57775A5426DF6981004DDFA5 /* Preview Assets.xcassets */,
			);
			path = "Preview Content";
			sourceTree = "<group>";
		};
		57E2BAC326E0A0A800495008 /* manager */ = {
			isa = PBXGroup;
			children = (
				57775A5F26DF9265004DDFA5 /* CoreDataManager.swift */,
			);
			path = manager;
			sourceTree = "<group>";
		};
		57E2BAC426E0A19000495008 /* ViewModel */ = {
			isa = PBXGroup;
			children = (
				57E2BAC526E0A1A800495008 /* AddWinnerViewModel.swift */,
				57E2BAC726E0A78200495008 /* MatchWinnerListViewModel.swift */,
			);
			path = ViewModel;
			sourceTree = "<group>";
		};
/* End PBXGroup section */

/* Begin PBXNativeTarget section */
		57775A4926DF697E004DDFA5 /* TicTacV01 */ = {
			isa = PBXNativeTarget;
			buildConfigurationList = 57775A5926DF6981004DDFA5 /* Build configuration list for PBXNativeTarget "TicTacV01" */;
			buildPhases = (
				57775A4626DF697E004DDFA5 /* Sources */,
				57775A4726DF697E004DDFA5 /* Frameworks */,
				57775A4826DF697E004DDFA5 /* Resources */,
			);
			buildRules = (
			);
			dependencies = (
			);
			name = TicTacV01;
			productName = TicTacV01;
			productReference = 57775A4A26DF697E004DDFA5 /* TicTacV01.app */;
			productType = "com.apple.product-type.application";
		};
/* End PBXNativeTarget section */

/* Begin PBXProject section */
		57775A4226DF697E004DDFA5 /* Project object */ = {
			isa = PBXProject;
			attributes = {
				LastSwiftUpdateCheck = 1250;
				LastUpgradeCheck = 1250;
				TargetAttributes = {
					57775A4926DF697E004DDFA5 = {
						CreatedOnToolsVersion = 12.5.1;
					};
				};
			};
			buildConfigurationList = 57775A4526DF697E004DDFA5 /* Build configuration list for PBXProject "TicTacV01" */;
			compatibilityVersion = "Xcode 9.3";
			developmentRegion = en;
			hasScannedForEncodings = 0;
			knownRegions = (
				en,
				Base,
			);
			mainGroup = 57775A4126DF697E004DDFA5;
			productRefGroup = 57775A4B26DF697E004DDFA5 /* Products */;
			projectDirPath = "";
			projectRoot = "";
			targets = (
				57775A4926DF697E004DDFA5 /* TicTacV01 */,
			);
		};
/* End PBXProject section */

/* Begin PBXResourcesBuildPhase section */
		57775A4826DF697E004DDFA5 /* Resources */ = {
			isa = PBXResourcesBuildPhase;
			buildActionMask = 2147483647;
			files = (
				57775A5526DF6981004DDFA5 /* Preview Assets.xcassets in Resources */,
				57775A5226DF6981004DDFA5 /* Assets.xcassets in Resources */,
			);
			runOnlyForDeploymentPostprocessing = 0;
		};
/* End PBXResourcesBuildPhase section */

/* Begin PBXSourcesBuildPhase section */
		57775A4626DF697E004DDFA5 /* Sources */ = {
			isa = PBXSourcesBuildPhase;
			buildActionMask = 2147483647;
			files = (
				57775A5026DF697E004DDFA5 /* ContentView.swift in Sources */,
				57E2BACA26E0AB9700495008 /* MainView.swift in Sources */,
				57775A5E26DF8FA2004DDFA5 /* CDplayerData.xcdatamodeld in Sources */,
				57E2BAC626E0A1A800495008 /* AddWinnerViewModel.swift in Sources */,
				57E2BAC826E0A78200495008 /* MatchWinnerListViewModel.swift in Sources */,
				57775A6026DF9265004DDFA5 /* CoreDataManager.swift in Sources */,
				57775A4E26DF697E004DDFA5 /* TicTacV01App.swift in Sources */,
				57E2BACC26E0E68A00495008 /* MoreInfoView.swift in Sources */,
			);
			runOnlyForDeploymentPostprocessing = 0;
		};
/* End PBXSourcesBuildPhase section */

/* Begin XCBuildConfiguration section */
		57775A5726DF6981004DDFA5 /* Debug */ = {
			isa = XCBuildConfiguration;
			buildSettings = {
				ALWAYS_SEARCH_USER_PATHS = NO;
				CLANG_ANALYZER_NONNULL = YES;
				CLANG_ANALYZER_NUMBER_OBJECT_CONVERSION = YES_AGGRESSIVE;
				CLANG_CXX_LANGUAGE_STANDARD = "gnu++14";
				CLANG_CXX_LIBRARY = "libc++";
				CLANG_ENABLE_MODULES = YES;
				CLANG_ENABLE_OBJC_ARC = YES;
				CLANG_ENABLE_OBJC_WEAK = YES;
				CLANG_WARN_BLOCK_CAPTURE_AUTORELEASING = YES;
				CLANG_WARN_BOOL_CONVERSION = YES;
				CLANG_WARN_COMMA = YES;
				CLANG_WARN_CONSTANT_CONVERSION = YES;
				CLANG_WARN_DEPRECATED_OBJC_IMPLEMENTATIONS = YES;
				CLANG_WARN_DIRECT_OBJC_ISA_USAGE = YES_ERROR;
				CLANG_WARN_DOCUMENTATION_COMMENTS = YES;
				CLANG_WARN_EMPTY_BODY = YES;
				CLANG_WARN_ENUM_CONVERSION = YES;
				CLANG_WARN_INFINITE_RECURSION = YES;
				CLANG_WARN_INT_CONVERSION = YES;
				CLANG_WARN_NON_LITERAL_NULL_CONVERSION = YES;
				CLANG_WARN_OBJC_IMPLICIT_RETAIN_SELF = YES;
				CLANG_WARN_OBJC_LITERAL_CONVERSION = YES;
				CLANG_WARN_OBJC_ROOT_CLASS = YES_ERROR;
				CLANG_WARN_QUOTED_INCLUDE_IN_FRAMEWORK_HEADER = YES;
				CLANG_WARN_RANGE_LOOP_ANALYSIS = YES;
				CLANG_WARN_STRICT_PROTOTYPES = YES;
				CLANG_WARN_SUSPICIOUS_MOVE = YES;
				CLANG_WARN_UNGUARDED_AVAILABILITY = YES_AGGRESSIVE;
				CLANG_WARN_UNREACHABLE_CODE = YES;
				CLANG_WARN__DUPLICATE_METHOD_MATCH = YES;
				COPY_PHASE_STRIP = NO;
				DEBUG_INFORMATION_FORMAT = dwarf;
				ENABLE_STRICT_OBJC_MSGSEND = YES;
				ENABLE_TESTABILITY = YES;
				GCC_C_LANGUAGE_STANDARD = gnu11;
				GCC_DYNAMIC_NO_PIC = NO;
				GCC_NO_COMMON_BLOCKS = YES;
				GCC_OPTIMIZATION_LEVEL = 0;
				GCC_PREPROCESSOR_DEFINITIONS = (
					"DEBUG=1",
					"$(inherited)",
				);
				GCC_WARN_64_TO_32_BIT_CONVERSION = YES;
				GCC_WARN_ABOUT_RETURN_TYPE = YES_ERROR;
				GCC_WARN_UNDECLARED_SELECTOR = YES;
				GCC_WARN_UNINITIALIZED_AUTOS = YES_AGGRESSIVE;
				GCC_WARN_UNUSED_FUNCTION = YES;
				GCC_WARN_UNUSED_VARIABLE = YES;
				IPHONEOS_DEPLOYMENT_TARGET = 14.5;
				MTL_ENABLE_DEBUG_INFO = INCLUDE_SOURCE;
				MTL_FAST_MATH = YES;
				ONLY_ACTIVE_ARCH = YES;
				SDKROOT = iphoneos;
				SWIFT_ACTIVE_COMPILATION_CONDITIONS = DEBUG;
				SWIFT_OPTIMIZATION_LEVEL = "-Onone";
			};
			name = Debug;
		};
		57775A5826DF6981004DDFA5 /* Release */ = {
			isa = XCBuildConfiguration;
			buildSettings = {
				ALWAYS_SEARCH_USER_PATHS = NO;
				CLANG_ANALYZER_NONNULL = YES;
				CLANG_ANALYZER_NUMBER_OBJECT_CONVERSION = YES_AGGRESSIVE;
				CLANG_CXX_LANGUAGE_STANDARD = "gnu++14";
				CLANG_CXX_LIBRARY = "libc++";
				CLANG_ENABLE_MODULES = YES;
				CLANG_ENABLE_OBJC_ARC = YES;
				CLANG_ENABLE_OBJC_WEAK = YES;
				CLANG_WARN_BLOCK_CAPTURE_AUTORELEASING = YES;
				CLANG_WARN_BOOL_CONVERSION = YES;
				CLANG_WARN_COMMA = YES;
				CLANG_WARN_CONSTANT_CONVERSION = YES;
				CLANG_WARN_DEPRECATED_OBJC_IMPLEMENTATIONS = YES;
				CLANG_WARN_DIRECT_OBJC_ISA_USAGE = YES_ERROR;
				CLANG_WARN_DOCUMENTATION_COMMENTS = YES;
				CLANG_WARN_EMPTY_BODY = YES;
				CLANG_WARN_ENUM_CONVERSION = YES;
				CLANG_WARN_INFINITE_RECURSION = YES;
				CLANG_WARN_INT_CONVERSION = YES;
				CLANG_WARN_NON_LITERAL_NULL_CONVERSION = YES;
				CLANG_WARN_OBJC_IMPLICIT_RETAIN_SELF = YES;
				CLANG_WARN_OBJC_LITERAL_CONVERSION = YES;
				CLANG_WARN_OBJC_ROOT_CLASS = YES_ERROR;
				CLANG_WARN_QUOTED_INCLUDE_IN_FRAMEWORK_HEADER = YES;
				CLANG_WARN_RANGE_LOOP_ANALYSIS = YES;
				CLANG_WARN_STRICT_PROTOTYPES = YES;
				CLANG_WARN_SUSPICIOUS_MOVE = YES;
				CLANG_WARN_UNGUARDED_AVAILABILITY = YES_AGGRESSIVE;
				CLANG_WARN_UNREACHABLE_CODE = YES;
				CLANG_WARN__DUPLICATE_METHOD_MATCH = YES;
				COPY_PHASE_STRIP = NO;
				DEBUG_INFORMATION_FORMAT = "dwarf-with-dsym";
				ENABLE_NS_ASSERTIONS = NO;
				ENABLE_STRICT_OBJC_MSGSEND = YES;
				GCC_C_LANGUAGE_STANDARD = gnu11;
				GCC_NO_COMMON_BLOCKS = YES;
				GCC_WARN_64_TO_32_BIT_CONVERSION = YES;
				GCC_WARN_ABOUT_RETURN_TYPE = YES_ERROR;
				GCC_WARN_UNDECLARED_SELECTOR = YES;
				GCC_WARN_UNINITIALIZED_AUTOS = YES_AGGRESSIVE;
				GCC_WARN_UNUSED_FUNCTION = YES;
				GCC_WARN_UNUSED_VARIABLE = YES;
				IPHONEOS_DEPLOYMENT_TARGET = 14.5;
				MTL_ENABLE_DEBUG_INFO = NO;
				MTL_FAST_MATH = YES;
				SDKROOT = iphoneos;
				SWIFT_COMPILATION_MODE = wholemodule;
				SWIFT_OPTIMIZATION_LEVEL = "-O";
				VALIDATE_PRODUCT = YES;
			};
			name = Release;
		};
		57775A5A26DF6981004DDFA5 /* Debug */ = {
			isa = XCBuildConfiguration;
			buildSettings = {
				ASSETCATALOG_COMPILER_APPICON_NAME = AppIcon;
				ASSETCATALOG_COMPILER_GLOBAL_ACCENT_COLOR_NAME = AccentColor;
				CODE_SIGN_STYLE = Automatic;
				DEVELOPMENT_ASSET_PATHS = "\"TicTacV01/Preview Content\"";
				ENABLE_PREVIEWS = YES;
				INFOPLIST_FILE = TicTacV01/Info.plist;
				IPHONEOS_DEPLOYMENT_TARGET = 14.0;
				LD_RUNPATH_SEARCH_PATHS = (
					"$(inherited)",
					"@executable_path/Frameworks",
				);
				PRODUCT_BUNDLE_IDENTIFIER = Krishna.TicTacV01;
				PRODUCT_NAME = "$(TARGET_NAME)";
				SWIFT_VERSION = 5.0;
				TARGETED_DEVICE_FAMILY = "1,2";
			};
			name = Debug;
		};
		57775A5B26DF6981004DDFA5 /* Release */ = {
			isa = XCBuildConfiguration;
			buildSettings = {
				ASSETCATALOG_COMPILER_APPICON_NAME = AppIcon;
				ASSETCATALOG_COMPILER_GLOBAL_ACCENT_COLOR_NAME = AccentColor;
				CODE_SIGN_STYLE = Automatic;
				DEVELOPMENT_ASSET_PATHS = "\"TicTacV01/Preview Content\"";
				ENABLE_PREVIEWS = YES;
				INFOPLIST_FILE = TicTacV01/Info.plist;
				IPHONEOS_DEPLOYMENT_TARGET = 14.0;
				LD_RUNPATH_SEARCH_PATHS = (
					"$(inherited)",
					"@executable_path/Frameworks",
				);
				PRODUCT_BUNDLE_IDENTIFIER = Krishna.TicTacV01;
				PRODUCT_NAME = "$(TARGET_NAME)";
				SWIFT_VERSION = 5.0;
				TARGETED_DEVICE_FAMILY = "1,2";
			};
			name = Release;
		};
/* End XCBuildConfiguration section */

/* Begin XCConfigurationList section */
		57775A4526DF697E004DDFA5 /* Build configuration list for PBXProject "TicTacV01" */ = {
			isa = XCConfigurationList;
			buildConfigurations = (
				57775A5726DF6981004DDFA5 /* Debug */,
				57775A5826DF6981004DDFA5 /* Release */,
			);
			defaultConfigurationIsVisible = 0;
			defaultConfigurationName = Release;
		};
		57775A5926DF6981004DDFA5 /* Build configuration list for PBXNativeTarget "TicTacV01" */ = {
			isa = XCConfigurationList;
			buildConfigurations = (
				57775A5A26DF6981004DDFA5 /* Debug */,
				57775A5B26DF6981004DDFA5 /* Release */,
			);
			defaultConfigurationIsVisible = 0;
			defaultConfigurationName = Release;
		};
/* End XCConfigurationList section */

/* Begin XCVersionGroup section */
		57775A5C26DF8FA2004DDFA5 /* CDplayerData.xcdatamodeld */ = {
			isa = XCVersionGroup;
			children = (
				57775A5D26DF8FA2004DDFA5 /* CDplayerData.xcdatamodel */,
			);
			currentVersion = 57775A5D26DF8FA2004DDFA5 /* CDplayerData.xcdatamodel */;
			path = CDplayerData.xcdatamodeld;
			sourceTree = "<group>";
			versionGroupType = wrapper.xcdatamodel;
		};
/* End XCVersionGroup section */
	};
	rootObject = 57775A4226DF697E004DDFA5 /* Project object */;
}
